// !$*UTF8*$!
{
	archiveVersion = 1;
	classes = {
	};
	objectVersion = 77;
	objects = {

/* Begin PBXBuildFile section */
		095020402FE41CF500920FFC /* AgeUtils.swift in Sources */ = {isa = PBXBuildFile; fileRef = 0950203F2FE41CF500920FFC /* AgeUtils.swift */; };
		095020452FE527AF00920FFC /* StarredJobsStore.swift in Sources */ = {isa = PBXBuildFile; fileRef = 095020442FE527A000920FFC /* StarredJobsStore.swift */; };
		095020472FE5314900920FFC /* CVService.swift in Sources */ = {isa = PBXBuildFile; fileRef = 095020462FE5314900920FFC /* CVService.swift */; };
		095020492FE5315400920FFC /* CVPreviewView.swift in Sources */ = {isa = PBXBuildFile; fileRef = 095020482FE5315400920FFC /* CVPreviewView.swift */; };
		09DC9A3E2FE40F7C00ECDB7A /* JobsService.swift in Sources */ = {isa = PBXBuildFile; fileRef = 09DC9A352FE40F7C00ECDB7A /* JobsService.swift */; };
		09DC9A3F2FE40F7C00ECDB7A /* ScoreBadgeView.swift in Sources */ = {isa = PBXBuildFile; fileRef = 09DC9A3C2FE40F7C00ECDB7A /* ScoreBadgeView.swift */; };
		09DC9A402FE40F7C00ECDB7A /* Job.swift in Sources */ = {isa = PBXBuildFile; fileRef = 09DC9A332FE40F7C00ECDB7A /* Job.swift */; };
		09DC9A412FE40F7C00ECDB7A /* JobTrackerApp.swift in Sources */ = {isa = PBXBuildFile; fileRef = 09DC9A312FE40F7C00ECDB7A /* JobTrackerApp.swift */; };
		09DC9A422FE40F7C00ECDB7A /* JobsViewModel.swift in Sources */ = {isa = PBXBuildFile; fileRef = 09DC9A372FE40F7C00ECDB7A /* JobsViewModel.swift */; };
		09DC9A432FE40F7C00ECDB7A /* JobRowView.swift in Sources */ = {isa = PBXBuildFile; fileRef = 09DC9A3A2FE40F7C00ECDB7A /* JobRowView.swift */; };
		09DC9A442FE40F7C00ECDB7A /* JobsListView.swift in Sources */ = {isa = PBXBuildFile; fileRef = 09DC9A3B2FE40F7C00ECDB7A /* JobsListView.swift */; };
		09DC9A452FE40F7C00ECDB7A /* JobDetailView.swift in Sources */ = {isa = PBXBuildFile; fileRef = 09DC9A392FE40F7C00ECDB7A /* JobDetailView.swift */; };
		09DC9A492FE4181F00ECDB7A /* ManageSheetsView.swift in Sources */ = {isa = PBXBuildFile; fileRef = 09DC9A482FE4181F00ECDB7A /* ManageSheetsView.swift */; };
/* End PBXBuildFile section */

/* Begin PBXFileReference section */
		0950203F2FE41CF500920FFC /* AgeUtils.swift */ = {isa = PBXFileReference; lastKnownFileType = sourcecode.swift; path = AgeUtils.swift; sourceTree = "<group>"; };
		095020442FE527A000920FFC /* StarredJobsStore.swift */ = {isa = PBXFileReference; lastKnownFileType = sourcecode.swift; path = StarredJobsStore.swift; sourceTree = "<group>"; };
		095020462FE5314900920FFC /* CVService.swift */ = {isa = PBXFileReference; lastKnownFileType = sourcecode.swift; path = CVService.swift; sourceTree = "<group>"; };
		095020482FE5315400920FFC /* CVPreviewView.swift */ = {isa = PBXFileReference; lastKnownFileType = sourcecode.swift; path = CVPreviewView.swift; sourceTree = "<group>"; };
		09DC9A232FE40F5A00ECDB7A /* JobApp.app */ = {isa = PBXFileReference; explicitFileType = wrapper.application; includeInIndex = 0; path = JobApp.app; sourceTree = BUILT_PRODUCTS_DIR; };
		09DC9A312FE40F7C00ECDB7A /* JobTrackerApp.swift */ = {isa = PBXFileReference; lastKnownFileType = sourcecode.swift; path = JobTrackerApp.swift; sourceTree = "<group>"; };
		09DC9A332FE40F7C00ECDB7A /* Job.swift */ = {isa = PBXFileReference; lastKnownFileType = sourcecode.swift; path = Job.swift; sourceTree = "<group>"; };
		09DC9A352FE40F7C00ECDB7A /* JobsService.swift */ = {isa = PBXFileReference; lastKnownFileType = sourcecode.swift; path = JobsService.swift; sourceTree = "<group>"; };
		09DC9A372FE40F7C00ECDB7A /* JobsViewModel.swift */ = {isa = PBXFileReference; lastKnownFileType = sourcecode.swift; path = JobsViewModel.swift; sourceTree = "<group>"; };
		09DC9A392FE40F7C00ECDB7A /* JobDetailView.swift */ = {isa = PBXFileReference; lastKnownFileType = sourcecode.swift; path = JobDetailView.swift; sourceTree = "<group>"; };
		09DC9A3A2FE40F7C00ECDB7A /* JobRowView.swift */ = {isa = PBXFileReference; lastKnownFileType = sourcecode.swift; path = JobRowView.swift; sourceTree = "<group>"; };
		09DC9A3B2FE40F7C00ECDB7A /* JobsListView.swift */ = {isa = PBXFileReference; lastKnownFileType = sourcecode.swift; path = JobsListView.swift; sourceTree = "<group>"; };
		09DC9A3C2FE40F7C00ECDB7A /* ScoreBadgeView.swift */ = {isa = PBXFileReference; lastKnownFileType = sourcecode.swift; path = ScoreBadgeView.swift; sourceTree = "<group>"; };
		09DC9A482FE4181F00ECDB7A /* ManageSheetsView.swift */ = {isa = PBXFileReference; lastKnownFileType = sourcecode.swift; path = ManageSheetsView.swift; sourceTree = "<group>"; };
/* End PBXFileReference section */

/* Begin PBXFrameworksBuildPhase section */
		09DC9A202FE40F5A00ECDB7A /* Frameworks */ = {
			isa = PBXFrameworksBuildPhase;
			buildActionMask = 2147483647;
			files = (
			);
			runOnlyForDeploymentPostprocessing = 0;
		};
/* End PBXFrameworksBuildPhase section */

/* Begin PBXGroup section */
		095020412FE41D0500920FFC /* Utils */ = {
			isa = PBXGroup;
			children = (
				0950203F2FE41CF500920FFC /* AgeUtils.swift */,
			);
			path = Utils;
			sourceTree = "<group>";
		};
		09DC9A1A2FE40F5A00ECDB7A = {
			isa = PBXGroup;
			children = (
				095020412FE41D0500920FFC /* Utils */,
				09DC9A242FE40F5A00ECDB7A /* Products */,
				09DC9A322FE40F7C00ECDB7A /* App */,
				09DC9A342FE40F7C00ECDB7A /* Models */,
				09DC9A362FE40F7C00ECDB7A /* Services */,
				09DC9A382FE40F7C00ECDB7A /* ViewModels */,
				09DC9A3D2FE40F7C00ECDB7A /* Views */,
			);
			sourceTree = "<group>";
		};
		09DC9A242FE40F5A00ECDB7A /* Products */ = {
			isa = PBXGroup;
			children = (
				09DC9A232FE40F5A00ECDB7A /* JobApp.app */,
			);
			name = Products;
			sourceTree = "<group>";
		};
		09DC9A322FE40F7C00ECDB7A /* App */ = {
			isa = PBXGroup;
			children = (
				09DC9A312FE40F7C00ECDB7A /* JobTrackerApp.swift */,
			);
			path = App;
			sourceTree = "<group>";
		};
		09DC9A342FE40F7C00ECDB7A /* Models */ = {
			isa = PBXGroup;
			children = (
				09DC9A332FE40F7C00ECDB7A /* Job.swift */,
			);
			path = Models;
			sourceTree = "<group>";
		};
		09DC9A362FE40F7C00ECDB7A /* Services */ = {
			isa = PBXGroup;
			children = (
				095020462FE5314900920FFC /* CVService.swift */,
				095020442FE527A000920FFC /* StarredJobsStore.swift */,
				09DC9A352FE40F7C00ECDB7A /* JobsService.swift */,
			);
			path = Services;
			sourceTree = "<group>";
		};
		09DC9A382FE40F7C00ECDB7A /* ViewModels */ = {
			isa = PBXGroup;
			children = (
				09DC9A372FE40F7C00ECDB7A /* JobsViewModel.swift */,
			);
			path = ViewModels;
			sourceTree = "<group>";
		};
		09DC9A3D2FE40F7C00ECDB7A /* Views */ = {
			isa = PBXGroup;
			children = (
				095020482FE5315400920FFC /* CVPreviewView.swift */,
				09DC9A482FE4181F00ECDB7A /* ManageSheetsView.swift */,
				09DC9A392FE40F7C00ECDB7A /* JobDetailView.swift */,
				09DC9A3A2FE40F7C00ECDB7A /* JobRowView.swift */,
				09DC9A3B2FE40F7C00ECDB7A /* JobsListView.swift */,
				09DC9A3C2FE40F7C00ECDB7A /* ScoreBadgeView.swift */,
			);
			path = Views;
			sourceTree = "<group>";
		};
/* End PBXGroup section */

/* Begin PBXNativeTarget section */
		09DC9A222FE40F5A00ECDB7A /* JobApp */ = {
			isa = PBXNativeTarget;
			buildConfigurationList = 09DC9A2E2FE40F5B00ECDB7A /* Build configuration list for PBXNativeTarget "JobApp" */;
			buildPhases = (
				09DC9A1F2FE40F5A00ECDB7A /* Sources */,
				09DC9A202FE40F5A00ECDB7A /* Frameworks */,
				09DC9A212FE40F5A00ECDB7A /* Resources */,
			);
			buildRules = (
			);
			dependencies = (
			);
			name = JobApp;
			packageProductDependencies = (
			);
			productName = JobApp;
			productReference = 09DC9A232FE40F5A00ECDB7A /* JobApp.app */;
			productType = "com.apple.product-type.application";
		};
/* End PBXNativeTarget section */

/* Begin PBXProject section */
		09DC9A1B2FE40F5A00ECDB7A /* Project object */ = {
			isa = PBXProject;
			attributes = {
				BuildIndependentTargetsInParallel = 1;
				LastSwiftUpdateCheck = 2650;
				LastUpgradeCheck = 2650;
				TargetAttributes = {
					09DC9A222FE40F5A00ECDB7A = {
						CreatedOnToolsVersion = 26.5;
					};
				};
			};
			buildConfigurationList = 09DC9A1E2FE40F5A00ECDB7A /* Build configuration list for PBXProject "JobApp" */;
			developmentRegion = en;
			hasScannedForEncodings = 0;
			knownRegions = (
				en,
				Base,
			);
			mainGroup = 09DC9A1A2FE40F5A00ECDB7A;
			minimizedProjectReferenceProxies = 1;
			preferredProjectObjectVersion = 77;
			productRefGroup = 09DC9A242FE40F5A00ECDB7A /* Products */;
			projectDirPath = "";
			projectRoot = "";
			targets = (
				09DC9A222FE40F5A00ECDB7A /* JobApp */,
			);
		};
/* End PBXProject section */

/* Begin PBXResourcesBuildPhase section */
		09DC9A212FE40F5A00ECDB7A /* Resources */ = {
			isa = PBXResourcesBuildPhase;
			buildActionMask = 2147483647;
			files = (
			);
			runOnlyForDeploymentPostprocessing = 0;
		};
/* End PBXResourcesBuildPhase section */

/* Begin PBXSourcesBuildPhase section */
		09DC9A1F2FE40F5A00ECDB7A /* Sources */ = {
			isa = PBXSourcesBuildPhase;
			buildActionMask = 2147483647;
			files = (
				095020492FE5315400920FFC /* CVPreviewView.swift in Sources */,
				09DC9A3E2FE40F7C00ECDB7A /* JobsService.swift in Sources */,
				09DC9A3F2FE40F7C00ECDB7A /* ScoreBadgeView.swift in Sources */,
				09DC9A402FE40F7C00ECDB7A /* Job.swift in Sources */,
				09DC9A412FE40F7C00ECDB7A /* JobTrackerApp.swift in Sources */,
				095020472FE5314900920FFC /* CVService.swift in Sources */,
				095020452FE527AF00920FFC /* StarredJobsStore.swift in Sources */,
				09DC9A422FE40F7C00ECDB7A /* JobsViewModel.swift in Sources */,
				095020402FE41CF500920FFC /* AgeUtils.swift in Sources */,
				09DC9A492FE4181F00ECDB7A /* ManageSheetsView.swift in Sources */,
				09DC9A432FE40F7C00ECDB7A /* JobRowView.swift in Sources */,
				09DC9A442FE40F7C00ECDB7A /* JobsListView.swift in Sources */,
				09DC9A452FE40F7C00ECDB7A /* JobDetailView.swift in Sources */,
			);
			runOnlyForDeploymentPostprocessing = 0;
		};
/* End PBXSourcesBuildPhase section */

/* Begin XCBuildConfiguration section */
		09DC9A2C2FE40F5B00ECDB7A /* Debug */ = {
			isa = XCBuildConfiguration;
			buildSettings = {
				ALWAYS_SEARCH_USER_PATHS = NO;
				ASSETCATALOG_COMPILER_GENERATE_SWIFT_ASSET_SYMBOL_EXTENSIONS = YES;
				CLANG_ANALYZER_NONNULL = YES;
				CLANG_ANALYZER_NUMBER_OBJECT_CONVERSION = YES_AGGRESSIVE;
				CLANG_CXX_LANGUAGE_STANDARD = "gnu++20";
				CLANG_ENABLE_MODULES = YES;
				CLANG_ENABLE_OBJC_ARC = YES;
				CLANG_ENABLE_OBJC_WEAK = YES;
				CLANG_WARN_BLOCK_CAPTURE_AUTORELEASING = YES;
				CLANG_WARN_BOOL_CONVERSION = YES;
				CLANG_WARN_COMMA = YES;
				CLANG_WARN_CONSTANT_CONVERSION = YES;
				CLANG_WARN_DEPRECATED_OBJC_IMPLEMENTATIONS = YES;
				CLANG_WARN_DIRECT_OBJC_ISA_USAGE = YES_ERROR;
				CLANG_WARN_DOCUMENTATION_COMMENTS = YES;
				CLANG_WARN_EMPTY_BODY = YES;
				CLANG_WARN_ENUM_CONVERSION = YES;
				CLANG_WARN_INFINITE_RECURSION = YES;
				CLANG_WARN_INT_CONVERSION = YES;
				CLANG_WARN_NON_LITERAL_NULL_CONVERSION = YES;
				CLANG_WARN_OBJC_IMPLICIT_RETAIN_SELF = YES;
				CLANG_WARN_OBJC_LITERAL_CONVERSION = YES;
				CLANG_WARN_OBJC_ROOT_CLASS = YES_ERROR;
				CLANG_WARN_QUOTED_INCLUDE_IN_FRAMEWORK_HEADER = YES;
				CLANG_WARN_RANGE_LOOP_ANALYSIS = YES;
				CLANG_WARN_STRICT_PROTOTYPES = YES;
				CLANG_WARN_SUSPICIOUS_MOVE = YES;
				CLANG_WARN_UNGUARDED_AVAILABILITY = YES_AGGRESSIVE;
				CLANG_WARN_UNREACHABLE_CODE = YES;
				CLANG_WARN__DUPLICATE_METHOD_MATCH = YES;
				COPY_PHASE_STRIP = NO;
				DEBUG_INFORMATION_FORMAT = dwarf;
				DEVELOPMENT_TEAM = 5289BR8A7A;
				ENABLE_STRICT_OBJC_MSGSEND = YES;
				ENABLE_TESTABILITY = YES;
				ENABLE_USER_SCRIPT_SANDBOXING = YES;
				GCC_C_LANGUAGE_STANDARD = gnu17;
				GCC_DYNAMIC_NO_PIC = NO;
				GCC_NO_COMMON_BLOCKS = YES;
				GCC_OPTIMIZATION_LEVEL = 0;
				GCC_PREPROCESSOR_DEFINITIONS = (
					"DEBUG=1",
					"$(inherited)",
				);
				GCC_WARN_64_TO_32_BIT_CONVERSION = YES;
				GCC_WARN_ABOUT_RETURN_TYPE = YES_ERROR;
				GCC_WARN_UNDECLARED_SELECTOR = YES;
				GCC_WARN_UNINITIALIZED_AUTOS = YES_AGGRESSIVE;
				GCC_WARN_UNUSED_FUNCTION = YES;
				GCC_WARN_UNUSED_VARIABLE = YES;
				LOCALIZATION_PREFERS_STRING_CATALOGS = YES;
				MTL_ENABLE_DEBUG_INFO = INCLUDE_SOURCE;
				MTL_FAST_MATH = YES;
				ONLY_ACTIVE_ARCH = YES;
				SWIFT_ACTIVE_COMPILATION_CONDITIONS = "DEBUG $(inherited)";
				SWIFT_OPTIMIZATION_LEVEL = "-Onone";
			};
			name = Debug;
		};
		09DC9A2D2FE40F5B00ECDB7A /* Release */ = {
			isa = XCBuildConfiguration;
			buildSettings = {
				ALWAYS_SEARCH_USER_PATHS = NO;
				ASSETCATALOG_COMPILER_GENERATE_SWIFT_ASSET_SYMBOL_EXTENSIONS = YES;
				CLANG_ANALYZER_NONNULL = YES;
				CLANG_ANALYZER_NUMBER_OBJECT_CONVERSION = YES_AGGRESSIVE;
				CLANG_CXX_LANGUAGE_STANDARD = "gnu++20";
				CLANG_ENABLE_MODULES = YES;
				CLANG_ENABLE_OBJC_ARC = YES;
				CLANG_ENABLE_OBJC_WEAK = YES;
				CLANG_WARN_BLOCK_CAPTURE_AUTORELEASING = YES;
				CLANG_WARN_BOOL_CONVERSION = YES;
				CLANG_WARN_COMMA = YES;
				CLANG_WARN_CONSTANT_CONVERSION = YES;
				CLANG_WARN_DEPRECATED_OBJC_IMPLEMENTATIONS = YES;
				CLANG_WARN_DIRECT_OBJC_ISA_USAGE = YES_ERROR;
				CLANG_WARN_DOCUMENTATION_COMMENTS = YES;
				CLANG_WARN_EMPTY_BODY = YES;
				CLANG_WARN_ENUM_CONVERSION = YES;
				CLANG_WARN_INFINITE_RECURSION = YES;
				CLANG_WARN_INT_CONVERSION = YES;
				CLANG_WARN_NON_LITERAL_NULL_CONVERSION = YES;
				CLANG_WARN_OBJC_IMPLICIT_RETAIN_SELF = YES;
				CLANG_WARN_OBJC_LITERAL_CONVERSION = YES;
				CLANG_WARN_OBJC_ROOT_CLASS = YES_ERROR;
				CLANG_WARN_QUOTED_INCLUDE_IN_FRAMEWORK_HEADER = YES;
				CLANG_WARN_RANGE_LOOP_ANALYSIS = YES;
				CLANG_WARN_STRICT_PROTOTYPES = YES;
				CLANG_WARN_SUSPICIOUS_MOVE = YES;
				CLANG_WARN_UNGUARDED_AVAILABILITY = YES_AGGRESSIVE;
				CLANG_WARN_UNREACHABLE_CODE = YES;
				CLANG_WARN__DUPLICATE_METHOD_MATCH = YES;
				COPY_PHASE_STRIP = NO;
				DEBUG_INFORMATION_FORMAT = "dwarf-with-dsym";
				DEVELOPMENT_TEAM = 5289BR8A7A;
				ENABLE_NS_ASSERTIONS = NO;
				ENABLE_STRICT_OBJC_MSGSEND = YES;
				ENABLE_USER_SCRIPT_SANDBOXING = YES;
				GCC_C_LANGUAGE_STANDARD = gnu17;
				GCC_NO_COMMON_BLOCKS = YES;
				GCC_WARN_64_TO_32_BIT_CONVERSION = YES;
				GCC_WARN_ABOUT_RETURN_TYPE = YES_ERROR;
				GCC_WARN_UNDECLARED_SELECTOR = YES;
				GCC_WARN_UNINITIALIZED_AUTOS = YES_AGGRESSIVE;
				GCC_WARN_UNUSED_FUNCTION = YES;
				GCC_WARN_UNUSED_VARIABLE = YES;
				LOCALIZATION_PREFERS_STRING_CATALOGS = YES;
				MTL_ENABLE_DEBUG_INFO = NO;
				MTL_FAST_MATH = YES;
				SWIFT_COMPILATION_MODE = wholemodule;
			};
			name = Release;
		};
		09DC9A2F2FE40F5B00ECDB7A /* Debug */ = {
			isa = XCBuildConfiguration;
			buildSettings = {
				ASSETCATALOG_COMPILER_APPICON_NAME = AppIcon;
				ASSETCATALOG_COMPILER_GLOBAL_ACCENT_COLOR_NAME = AccentColor;
				CODE_SIGN_STYLE = Automatic;
				CURRENT_PROJECT_VERSION = 1;
				DEVELOPMENT_TEAM = 5289BR8A7A;
				ENABLE_APP_SANDBOX = YES;
				ENABLE_HARDENED_RUNTIME = YES;
				ENABLE_PREVIEWS = YES;
				ENABLE_USER_SELECTED_FILES = readonly;
				GENERATE_INFOPLIST_FILE = YES;
				"INFOPLIST_KEY_UIApplicationSceneManifest_Generation[sdk=iphoneos*]" = YES;
				"INFOPLIST_KEY_UIApplicationSceneManifest_Generation[sdk=iphonesimulator*]" = YES;
				"INFOPLIST_KEY_UIApplicationSupportsIndirectInputEvents[sdk=iphoneos*]" = YES;
				"INFOPLIST_KEY_UIApplicationSupportsIndirectInputEvents[sdk=iphonesimulator*]" = YES;
				"INFOPLIST_KEY_UILaunchScreen_Generation[sdk=iphoneos*]" = YES;
				"INFOPLIST_KEY_UILaunchScreen_Generation[sdk=iphonesimulator*]" = YES;
				"INFOPLIST_KEY_UIStatusBarStyle[sdk=iphoneos*]" = UIStatusBarStyleDefault;
				"INFOPLIST_KEY_UIStatusBarStyle[sdk=iphonesimulator*]" = UIStatusBarStyleDefault;
				INFOPLIST_KEY_UISupportedInterfaceOrientations_iPad = "UIInterfaceOrientationPortrait UIInterfaceOrientationPortraitUpsideDown UIInterfaceOrientationLandscapeLeft UIInterfaceOrientationLandscapeRight";
				INFOPLIST_KEY_UISupportedInterfaceOrientations_iPhone = "UIInterfaceOrientationPortrait UIInterfaceOrientationLandscapeLeft UIInterfaceOrientationLandscapeRight";
				IPHONEOS_DEPLOYMENT_TARGET = 26.5;
				LD_RUNPATH_SEARCH_PATHS = "@executable_path/Frameworks";
				"LD_RUNPATH_SEARCH_PATHS[sdk=macosx*]" = "@executable_path/../Frameworks";
				MACOSX_DEPLOYMENT_TARGET = 26.5;
				MARKETING_VERSION = 1.0;
				PRODUCT_BUNDLE_IDENTIFIER = com.spencer.JobApp;
				PRODUCT_NAME = "$(TARGET_NAME)";
				REGISTER_APP_GROUPS = YES;
				SDKROOT = auto;
				STRING_CATALOG_GENERATE_SYMBOLS = YES;
				SUPPORTED_PLATFORMS = "iphoneos iphonesimulator macosx xros xrsimulator";
				SWIFT_APPROACHABLE_CONCURRENCY = YES;
				SWIFT_DEFAULT_ACTOR_ISOLATION = MainActor;
				SWIFT_EMIT_LOC_STRINGS = YES;
				SWIFT_UPCOMING_FEATURE_MEMBER_IMPORT_VISIBILITY = YES;
				SWIFT_VERSION = 5.0;
				TARGETED_DEVICE_FAMILY = "1,2,7";
				XROS_DEPLOYMENT_TARGET = 26.5;
			};
			name = Debug;
		};
		09DC9A302FE40F5B00ECDB7A /* Release */ = {
			isa = XCBuildConfiguration;
			buildSettings = {
				ASSETCATALOG_COMPILER_APPICON_NAME = AppIcon;
				ASSETCATALOG_COMPILER_GLOBAL_ACCENT_COLOR_NAME = AccentColor;
				CODE_SIGN_STYLE = Automatic;
				CURRENT_PROJECT_VERSION = 1;
				DEVELOPMENT_TEAM = 5289BR8A7A;
				ENABLE_APP_SANDBOX = YES;
				ENABLE_HARDENED_RUNTIME = YES;
				ENABLE_PREVIEWS = YES;
				ENABLE_USER_SELECTED_FILES = readonly;
				GENERATE_INFOPLIST_FILE = YES;
				"INFOPLIST_KEY_UIApplicationSceneManifest_Generation[sdk=iphoneos*]" = YES;
				"INFOPLIST_KEY_UIApplicationSceneManifest_Generation[sdk=iphonesimulator*]" = YES;
				"INFOPLIST_KEY_UIApplicationSupportsIndirectInputEvents[sdk=iphoneos*]" = YES;
				"INFOPLIST_KEY_UIApplicationSupportsIndirectInputEvents[sdk=iphonesimulator*]" = YES;
				"INFOPLIST_KEY_UILaunchScreen_Generation[sdk=iphoneos*]" = YES;
				"INFOPLIST_KEY_UILaunchScreen_Generation[sdk=iphonesimulator*]" = YES;
				"INFOPLIST_KEY_UIStatusBarStyle[sdk=iphoneos*]" = UIStatusBarStyleDefault;
				"INFOPLIST_KEY_UIStatusBarStyle[sdk=iphonesimulator*]" = UIStatusBarStyleDefault;
				INFOPLIST_KEY_UISupportedInterfaceOrientations_iPad = "UIInterfaceOrientationPortrait UIInterfaceOrientationPortraitUpsideDown UIInterfaceOrientationLandscapeLeft UIInterfaceOrientationLandscapeRight";
				INFOPLIST_KEY_UISupportedInterfaceOrientations_iPhone = "UIInterfaceOrientationPortrait UIInterfaceOrientationLandscapeLeft UIInterfaceOrientationLandscapeRight";
				IPHONEOS_DEPLOYMENT_TARGET = 26.5;
				LD_RUNPATH_SEARCH_PATHS = "@executable_path/Frameworks";
				"LD_RUNPATH_SEARCH_PATHS[sdk=macosx*]" = "@executable_path/../Frameworks";
				MACOSX_DEPLOYMENT_TARGET = 26.5;
				MARKETING_VERSION = 1.0;
				PRODUCT_BUNDLE_IDENTIFIER = com.spencer.JobApp;
				PRODUCT_NAME = "$(TARGET_NAME)";
				REGISTER_APP_GROUPS = YES;
				SDKROOT = auto;
				STRING_CATALOG_GENERATE_SYMBOLS = YES;
				SUPPORTED_PLATFORMS = "iphoneos iphonesimulator macosx xros xrsimulator";
				SWIFT_APPROACHABLE_CONCURRENCY = YES;
				SWIFT_DEFAULT_ACTOR_ISOLATION = MainActor;
				SWIFT_EMIT_LOC_STRINGS = YES;
				SWIFT_UPCOMING_FEATURE_MEMBER_IMPORT_VISIBILITY = YES;
				SWIFT_VERSION = 5.0;
				TARGETED_DEVICE_FAMILY = "1,2,7";
				XROS_DEPLOYMENT_TARGET = 26.5;
			};
			name = Release;
		};
/* End XCBuildConfiguration section */

/* Begin XCConfigurationList section */
		09DC9A1E2FE40F5A00ECDB7A /* Build configuration list for PBXProject "JobApp" */ = {
			isa = XCConfigurationList;
			buildConfigurations = (
				09DC9A2C2FE40F5B00ECDB7A /* Debug */,
				09DC9A2D2FE40F5B00ECDB7A /* Release */,
			);
			defaultConfigurationIsVisible = 0;
			defaultConfigurationName = Release;
		};
		09DC9A2E2FE40F5B00ECDB7A /* Build configuration list for PBXNativeTarget "JobApp" */ = {
			isa = XCConfigurationList;
			buildConfigurations = (
				09DC9A2F2FE40F5B00ECDB7A /* Debug */,
				09DC9A302FE40F5B00ECDB7A /* Release */,
			);
			defaultConfigurationIsVisible = 0;
			defaultConfigurationName = Release;
		};
/* End XCConfigurationList section */
	};
	rootObject = 09DC9A1B2FE40F5A00ECDB7A /* Project object */;
}
